schema: '2.0'
stages:
  complete-core:
    cmd: datazimmer run-step complete-core
    deps:
    - path: src/core/ns_meta.py
      md5: 20294055e213fa72fcb689e4b32732d1
      size: 2060
    - path: src/core/update_data.py
      md5: 1a0c7a96fd1d413ed0897a88ccfb9477
      size: 1379
    params:
      zimmer.yaml:
        cron_bumps.complete-core: 1
        envs.complete.params.data_root: https://raw.githubusercontent.com/sscu-budapest/datazimmer/main/dogshow/data
    outs:
    - path: data/dogshowbase/core/complete
      md5: f616563c4a491f9712e9548b83a2f230.dir
      size: 41896
      nfiles: 7
  highest_comps-core:
    cmd: datazimmer run-step highest_comps-core
    deps:
    - path: data/dogshowbase/core/complete
      md5: f616563c4a491f9712e9548b83a2f230.dir
      size: 41896
      nfiles: 7
    - path: src/core/create_envs.py
      md5: e38a5b53626408557e180d8f424fe1ab
      size: 2316
    - path: src/core/ns_meta.py
      md5: 20294055e213fa72fcb689e4b32732d1
      size: 2060
    params:
      zimmer.yaml:
        envs.highest_comps.params.min_prize_pool: 12000
    outs:
    - path: data/dogshowbase/core/highest_comps
      md5: e0670f96761dc0fc18d44bc0d3cfe198.dir
      size: 34912
      nfiles: 7
  top_comps-core:
    cmd: datazimmer run-step top_comps-core
    deps:
    - path: data/dogshowbase/core/complete
      md5: f616563c4a491f9712e9548b83a2f230.dir
      size: 41896
      nfiles: 7
    - path: src/core/create_envs.py
      md5: e38a5b53626408557e180d8f424fe1ab
      size: 2316
    - path: src/core/ns_meta.py
      md5: 20294055e213fa72fcb689e4b32732d1
      size: 2060
    params:
      zimmer.yaml:
        envs.top_comps.params.min_prize_pool: 8000
    outs:
    - path: data/dogshowbase/core/top_comps
      md5: d92ee86c86710256d0c308f05ba36ba2.dir
      size: 36886
      nfiles: 7
